
Microsoft Visual Studio Solution File, Format Version 12.00
# Visual Studio Version 17
VisualStudioVersion = 17.5.33530.505
MinimumVisualStudioVersion = 10.0.40219.1
Project("{FAE04EC0-301F-11D3-BF4B-00C04F79EFBC}") = "1722", "1722\1722.csproj", "{0B62204B-4803-4662-9645-569D7C81D602}"
EndProject
Global
	GlobalSection(SolutionConfigurationPlatforms) = preSolution
		Debug|Any CPU = Debug|Any CPU
		Release|Any CPU = Release|Any CPU
	EndGlobalSection
	GlobalSection(ProjectConfigurationPlatforms) = postSolution
		{0B62204B-4803-4662-9645-569D7C81D602}.Debug|Any CPU.ActiveCfg = Debug|Any CPU
		{0B62204B-4803-4662-9645-569D7C81D602}.Debug|Any CPU.Build.0 = Debug|Any CPU
		{0B62204B-4803-4662-9645-569D7C81D602}.Release|Any CPU.ActiveCfg = Release|Any CPU
		{0B62204B-4803-4662-9645-569D7C81D602}.Release|Any CPU.Build.0 = Release|Any CPU
	EndGlobalSection
	GlobalSection(SolutionProperties) = preSolution
		HideSolutionNode = FALSE
	EndGlobalSection
	GlobalSection(ExtensibilityGlobals) = postSolution
		SolutionGuid = {14EE9CF2-C5DF-4FF3-B602-620DE02A36CA}
	EndGlobalSection
EndGlobal
